
Microsoft Visual Studio Solution File, Format Version 12.00
# Visual Studio Version 16
VisualStudioVersion = 16.0.28729.10
MinimumVisualStudioVersion = 10.0.40219.1
Project("{FAE04EC0-301F-11D3-BF4B-00C04F79EFBC}") = "GloDataBundleSwitchStatement", "GloDataBundleSwitchStatement\GloDataBundleSwitchStatement.csproj", "{DF0F8195-251A-4D6E-BD27-FF9714266A6C}"
EndProject
Global
	GlobalSection(SolutionConfigurationPlatforms) = preSolution
		Debug|Any CPU = Debug|Any CPU
		Release|Any CPU = Release|Any CPU
	EndGlobalSection
	GlobalSection(ProjectConfigurationPlatforms) = postSolution
		{DF0F8195-251A-4D6E-BD27-FF9714266A6C}.Debug|Any CPU.ActiveCfg = Debug|Any CPU
		{DF0F8195-251A-4D6E-BD27-FF9714266A6C}.Debug|Any CPU.Build.0 = Debug|Any CPU
		{DF0F8195-251A-4D6E-BD27-FF9714266A6C}.Release|Any CPU.ActiveCfg = Release|Any CPU
		{DF0F8195-251A-4D6E-BD27-FF9714266A6C}.Release|Any CPU.Build.0 = Release|Any CPU
	EndGlobalSection
	GlobalSection(SolutionProperties) = preSolution
		HideSolutionNode = FALSE
	EndGlobalSection
	GlobalSection(ExtensibilityGlobals) = postSolution
		SolutionGuid = {B4990695-397D-4384-8486-1DB91D2ABE39}
	EndGlobalSection
EndGlobal
